GEM
  remote: https://rubygems.org/
  specs:
    ethon (0.18.0)
      ffi (>= 1.15.0)
      logger
    ffi (1.17.2)
    logger (1.7.0)
    semantic (1.6.1)
    typhoeus (1.4.1)
      ethon (>= 0.9.0)

PLATFORMS
  ruby

DEPENDENCIES
  semantic
  typhoeus

RUBY VERSION
  ruby 3.4.7p0

BUNDLED WITH
  4.0.0.beta2
